// !$*UTF8*$!
{
	archiveVersion = 1;
	classes = {
	};
	objectVersion = 50;
	objects = {

/* Begin PBXBuildFile section */
		24051DD5269824D9001D7A51 /* soundModel.swift in Sources */ = {isa = PBXBuildFile; fileRef = 24051DD4269824D9001D7A51 /* soundModel.swift */; };
		24051DD826982612001D7A51 /* true.mp3 in Resources */ = {isa = PBXBuildFile; fileRef = 24051DD726982612001D7A51 /* true.mp3 */; };
		24051DDB26982617001D7A51 /* false.mp3 in Resources */ = {isa = PBXBuildFile; fileRef = 24051DDA26982617001D7A51 /* false.mp3 */; };
		24051DDF26997532001D7A51 /* result.mp3 in Resources */ = {isa = PBXBuildFile; fileRef = 24051DDE26997532001D7A51 /* result.mp3 */; };
		24051DE226997604001D7A51 /* question.mp3 in Resources */ = {isa = PBXBuildFile; fileRef = 24051DE126997604001D7A51 /* question.mp3 */; };
		246C6A7B2695F48900F3A40B /* AppDelegate.swift in Sources */ = {isa = PBXBuildFile; fileRef = 246C6A7A2695F48900F3A40B /* AppDelegate.swift */; };
		246C6A7D2695F48900F3A40B /* SceneDelegate.swift in Sources */ = {isa = PBXBuildFile; fileRef = 246C6A7C2695F48900F3A40B /* SceneDelegate.swift */; };
		246C6A7F2695F48900F3A40B /* ViewController.swift in Sources */ = {isa = PBXBuildFile; fileRef = 246C6A7E2695F48900F3A40B /* ViewController.swift */; };
		246C6A822695F48900F3A40B /* Main.storyboard in Resources */ = {isa = PBXBuildFile; fileRef = 246C6A802695F48900F3A40B /* Main.storyboard */; };
		246C6A842695F48B00F3A40B /* Assets.xcassets in Resources */ = {isa = PBXBuildFile; fileRef = 246C6A832695F48B00F3A40B /* Assets.xcassets */; };
		246C6A872695F48B00F3A40B /* LaunchScreen.storyboard in Resources */ = {isa = PBXBuildFile; fileRef = 246C6A852695F48B00F3A40B /* LaunchScreen.storyboard */; };
		246C6A962695F7DB00F3A40B /* NextViewController.swift in Sources */ = {isa = PBXBuildFile; fileRef = 246C6A952695F7DB00F3A40B /* NextViewController.swift */; };
		24818742269727F800227E83 /* ImageModel.swift in Sources */ = {isa = PBXBuildFile; fileRef = 24818741269727F800227E83 /* ImageModel.swift */; };
		24818745269728BD00227E83 /* ImagesList.swift in Sources */ = {isa = PBXBuildFile; fileRef = 24818744269728BD00227E83 /* ImagesList.swift */; };
/* End PBXBuildFile section */

/* Begin PBXFileReference section */
		24051DD4269824D9001D7A51 /* soundModel.swift */ = {isa = PBXFileReference; lastKnownFileType = sourcecode.swift; path = soundModel.swift; sourceTree = "<group>"; };
		24051DD726982612001D7A51 /* true.mp3 */ = {isa = PBXFileReference; lastKnownFileType = audio.mp3; path = true.mp3; sourceTree = "<group>"; };
		24051DDA26982617001D7A51 /* false.mp3 */ = {isa = PBXFileReference; lastKnownFileType = audio.mp3; path = false.mp3; sourceTree = "<group>"; };
		24051DDE26997532001D7A51 /* result.mp3 */ = {isa = PBXFileReference; lastKnownFileType = audio.mp3; path = result.mp3; sourceTree = "<group>"; };
		24051DE126997604001D7A51 /* question.mp3 */ = {isa = PBXFileReference; lastKnownFileType = audio.mp3; path = question.mp3; sourceTree = "<group>"; };
		246C6A772695F48900F3A40B /* true-or-false.app */ = {isa = PBXFileReference; explicitFileType = wrapper.application; includeInIndex = 0; path = "true-or-false.app"; sourceTree = BUILT_PRODUCTS_DIR; };
		246C6A7A2695F48900F3A40B /* AppDelegate.swift */ = {isa = PBXFileReference; lastKnownFileType = sourcecode.swift; path = AppDelegate.swift; sourceTree = "<group>"; };
		246C6A7C2695F48900F3A40B /* SceneDelegate.swift */ = {isa = PBXFileReference; lastKnownFileType = sourcecode.swift; path = SceneDelegate.swift; sourceTree = "<group>"; };
		246C6A7E2695F48900F3A40B /* ViewController.swift */ = {isa = PBXFileReference; lastKnownFileType = sourcecode.swift; path = ViewController.swift; sourceTree = "<group>"; };
		246C6A812695F48900F3A40B /* Base */ = {isa = PBXFileReference; lastKnownFileType = file.storyboard; name = Base; path = Base.lproj/Main.storyboard; sourceTree = "<group>"; };
		246C6A832695F48B00F3A40B /* Assets.xcassets */ = {isa = PBXFileReference; lastKnownFileType = folder.assetcatalog; path = Assets.xcassets; sourceTree = "<group>"; };
		246C6A862695F48B00F3A40B /* Base */ = {isa = PBXFileReference; lastKnownFileType = file.storyboard; name = Base; path = Base.lproj/LaunchScreen.storyboard; sourceTree = "<group>"; };
		246C6A882695F48B00F3A40B /* Info.plist */ = {isa = PBXFileReference; lastKnownFileType = text.plist.xml; path = Info.plist; sourceTree = "<group>"; };
		246C6A952695F7DB00F3A40B /* NextViewController.swift */ = {isa = PBXFileReference; lastKnownFileType = sourcecode.swift; path = NextViewController.swift; sourceTree = "<group>"; };
		24818741269727F800227E83 /* ImageModel.swift */ = {isa = PBXFileReference; lastKnownFileType = sourcecode.swift; path = ImageModel.swift; sourceTree = "<group>"; };
		24818744269728BD00227E83 /* ImagesList.swift */ = {isa = PBXFileReference; lastKnownFileType = sourcecode.swift; path = ImagesList.swift; sourceTree = "<group>"; };
/* End PBXFileReference section */

/* Begin PBXFrameworksBuildPhase section */
		246C6A742695F48800F3A40B /* Frameworks */ = {
			isa = PBXFrameworksBuildPhase;
			buildActionMask = 2147483647;
			files = (
			);
			runOnlyForDeploymentPostprocessing = 0;
		};
/* End PBXFrameworksBuildPhase section */

/* Begin PBXGroup section */
		246C6A6E2695F48800F3A40B = {
			isa = PBXGroup;
			children = (
				246C6A792695F48900F3A40B /* true-or-false */,
				246C6A782695F48900F3A40B /* Products */,
			);
			sourceTree = "<group>";
		};
		246C6A782695F48900F3A40B /* Products */ = {
			isa = PBXGroup;
			children = (
				246C6A772695F48900F3A40B /* true-or-false.app */,
			);
			name = Products;
			sourceTree = "<group>";
		};
		246C6A792695F48900F3A40B /* true-or-false */ = {
			isa = PBXGroup;
			children = (
				246C6A922695F69D00F3A40B /* controller */,
				246C6A912695F69500F3A40B /* view */,
				246C6A902695F68E00F3A40B /* model */,
				246C6A852695F48B00F3A40B /* LaunchScreen.storyboard */,
				24051DDA26982617001D7A51 /* false.mp3 */,
				24051DD726982612001D7A51 /* true.mp3 */,
				24051DE126997604001D7A51 /* question.mp3 */,
				24051DDE26997532001D7A51 /* result.mp3 */,
				246C6A882695F48B00F3A40B /* Info.plist */,
			);
			path = "true-or-false";
			sourceTree = "<group>";
		};
		246C6A902695F68E00F3A40B /* model */ = {
			isa = PBXGroup;
			children = (
				24818741269727F800227E83 /* ImageModel.swift */,
				24818744269728BD00227E83 /* ImagesList.swift */,
				24051DD4269824D9001D7A51 /* soundModel.swift */,
			);
			path = model;
			sourceTree = "<group>";
		};
		246C6A912695F69500F3A40B /* view */ = {
			isa = PBXGroup;
			children = (
				246C6A802695F48900F3A40B /* Main.storyboard */,
				246C6A832695F48B00F3A40B /* Assets.xcassets */,
			);
			path = view;
			sourceTree = "<group>";
		};
		246C6A922695F69D00F3A40B /* controller */ = {
			isa = PBXGroup;
			children = (
				246C6A7A2695F48900F3A40B /* AppDelegate.swift */,
				246C6A7C2695F48900F3A40B /* SceneDelegate.swift */,
				246C6A7E2695F48900F3A40B /* ViewController.swift */,
				246C6A952695F7DB00F3A40B /* NextViewController.swift */,
			);
			path = controller;
			sourceTree = "<group>";
		};
/* End PBXGroup section */

/* Begin PBXNativeTarget section */
		246C6A762695F48800F3A40B /* true-or-false */ = {
			isa = PBXNativeTarget;
			buildConfigurationList = 246C6A8B2695F48B00F3A40B /* Build configuration list for PBXNativeTarget "true-or-false" */;
			buildPhases = (
				246C6A732695F48800F3A40B /* Sources */,
				246C6A742695F48800F3A40B /* Frameworks */,
				246C6A752695F48800F3A40B /* Resources */,
			);
			buildRules = (
			);
			dependencies = (
			);
			name = "true-or-false";
			productName = "true-or-false";
			productReference = 246C6A772695F48900F3A40B /* true-or-false.app */;
			productType = "com.apple.product-type.application";
		};
/* End PBXNativeTarget section */

/* Begin PBXProject section */
		246C6A6F2695F48800F3A40B /* Project object */ = {
			isa = PBXProject;
			attributes = {
				LastSwiftUpdateCheck = 1230;
				LastUpgradeCheck = 1230;
				TargetAttributes = {
					246C6A762695F48800F3A40B = {
						CreatedOnToolsVersion = 12.3;
					};
				};
			};
			buildConfigurationList = 246C6A722695F48800F3A40B /* Build configuration list for PBXProject "true-or-false" */;
			compatibilityVersion = "Xcode 9.3";
			developmentRegion = en;
			hasScannedForEncodings = 0;
			knownRegions = (
				en,
				Base,
			);
			mainGroup = 246C6A6E2695F48800F3A40B;
			productRefGroup = 246C6A782695F48900F3A40B /* Products */;
			projectDirPath = "";
			projectRoot = "";
			targets = (
				246C6A762695F48800F3A40B /* true-or-false */,
			);
		};
/* End PBXProject section */

/* Begin PBXResourcesBuildPhase section */
		246C6A752695F48800F3A40B /* Resources */ = {
			isa = PBXResourcesBuildPhase;
			buildActionMask = 2147483647;
			files = (
				246C6A872695F48B00F3A40B /* LaunchScreen.storyboard in Resources */,
				246C6A842695F48B00F3A40B /* Assets.xcassets in Resources */,
				24051DD826982612001D7A51 /* true.mp3 in Resources */,
				24051DDB26982617001D7A51 /* false.mp3 in Resources */,
				246C6A822695F48900F3A40B /* Main.storyboard in Resources */,
				24051DDF26997532001D7A51 /* result.mp3 in Resources */,
				24051DE226997604001D7A51 /* question.mp3 in Resources */,
			);
			runOnlyForDeploymentPostprocessing = 0;
		};
/* End PBXResourcesBuildPhase section */

/* Begin PBXSourcesBuildPhase section */
		246C6A732695F48800F3A40B /* Sources */ = {
			isa = PBXSourcesBuildPhase;
			buildActionMask = 2147483647;
			files = (
				246C6A7F2695F48900F3A40B /* ViewController.swift in Sources */,
				24051DD5269824D9001D7A51 /* soundModel.swift in Sources */,
				24818745269728BD00227E83 /* ImagesList.swift in Sources */,
				24818742269727F800227E83 /* ImageModel.swift in Sources */,
				246C6A962695F7DB00F3A40B /* NextViewController.swift in Sources */,
				246C6A7B2695F48900F3A40B /* AppDelegate.swift in Sources */,
				246C6A7D2695F48900F3A40B /* SceneDelegate.swift in Sources */,
			);
			runOnlyForDeploymentPostprocessing = 0;
		};
/* End PBXSourcesBuildPhase section */

/* Begin PBXVariantGroup section */
		246C6A802695F48900F3A40B /* Main.storyboard */ = {
			isa = PBXVariantGroup;
			children = (
				246C6A812695F48900F3A40B /* Base */,
			);
			name = Main.storyboard;
			sourceTree = "<group>";
		};
		246C6A852695F48B00F3A40B /* LaunchScreen.storyboard */ = {
			isa = PBXVariantGroup;
			children = (
				246C6A862695F48B00F3A40B /* Base */,
			);
			name = LaunchScreen.storyboard;
			sourceTree = "<group>";
		};
/* End PBXVariantGroup section */

/* Begin XCBuildConfiguration section */
		246C6A892695F48B00F3A40B /* Debug */ = {
			isa = XCBuildConfiguration;
			buildSettings = {
				ALWAYS_SEARCH_USER_PATHS = NO;
				CLANG_ANALYZER_NONNULL = YES;
				CLANG_ANALYZER_NUMBER_OBJECT_CONVERSION = YES_AGGRESSIVE;
				CLANG_CXX_LANGUAGE_STANDARD = "gnu++14";
				CLANG_CXX_LIBRARY = "libc++";
				CLANG_ENABLE_MODULES = YES;
				CLANG_ENABLE_OBJC_ARC = YES;
				CLANG_ENABLE_OBJC_WEAK = YES;
				CLANG_WARN_BLOCK_CAPTURE_AUTORELEASING = YES;
				CLANG_WARN_BOOL_CONVERSION = YES;
				CLANG_WARN_COMMA = YES;
				CLANG_WARN_CONSTANT_CONVERSION = YES;
				CLANG_WARN_DEPRECATED_OBJC_IMPLEMENTATIONS = YES;
				CLANG_WARN_DIRECT_OBJC_ISA_USAGE = YES_ERROR;
				CLANG_WARN_DOCUMENTATION_COMMENTS = YES;
				CLANG_WARN_EMPTY_BODY = YES;
				CLANG_WARN_ENUM_CONVERSION = YES;
				CLANG_WARN_INFINITE_RECURSION = YES;
				CLANG_WARN_INT_CONVERSION = YES;
				CLANG_WARN_NON_LITERAL_NULL_CONVERSION = YES;
				CLANG_WARN_OBJC_IMPLICIT_RETAIN_SELF = YES;
				CLANG_WARN_OBJC_LITERAL_CONVERSION = YES;
				CLANG_WARN_OBJC_ROOT_CLASS = YES_ERROR;
				CLANG_WARN_QUOTED_INCLUDE_IN_FRAMEWORK_HEADER = YES;
				CLANG_WARN_RANGE_LOOP_ANALYSIS = YES;
				CLANG_WARN_STRICT_PROTOTYPES = YES;
				CLANG_WARN_SUSPICIOUS_MOVE = YES;
				CLANG_WARN_UNGUARDED_AVAILABILITY = YES_AGGRESSIVE;
				CLANG_WARN_UNREACHABLE_CODE = YES;
				CLANG_WARN__DUPLICATE_METHOD_MATCH = YES;
				COPY_PHASE_STRIP = NO;
				DEBUG_INFORMATION_FORMAT = dwarf;
				ENABLE_STRICT_OBJC_MSGSEND = YES;
				ENABLE_TESTABILITY = YES;
				GCC_C_LANGUAGE_STANDARD = gnu11;
				GCC_DYNAMIC_NO_PIC = NO;
				GCC_NO_COMMON_BLOCKS = YES;
				GCC_OPTIMIZATION_LEVEL = 0;
				GCC_PREPROCESSOR_DEFINITIONS = (
					"DEBUG=1",
					"$(inherited)",
				);
				GCC_WARN_64_TO_32_BIT_CONVERSION = YES;
				GCC_WARN_ABOUT_RETURN_TYPE = YES_ERROR;
				GCC_WARN_UNDECLARED_SELECTOR = YES;
				GCC_WARN_UNINITIALIZED_AUTOS = YES_AGGRESSIVE;
				GCC_WARN_UNUSED_FUNCTION = YES;
				GCC_WARN_UNUSED_VARIABLE = YES;
				IPHONEOS_DEPLOYMENT_TARGET = 14.3;
				MTL_ENABLE_DEBUG_INFO = INCLUDE_SOURCE;
				MTL_FAST_MATH = YES;
				ONLY_ACTIVE_ARCH = YES;
				SDKROOT = iphoneos;
				SWIFT_ACTIVE_COMPILATION_CONDITIONS = DEBUG;
				SWIFT_OPTIMIZATION_LEVEL = "-Onone";
			};
			name = Debug;
		};
		246C6A8A2695F48B00F3A40B /* Release */ = {
			isa = XCBuildConfiguration;
			buildSettings = {
				ALWAYS_SEARCH_USER_PATHS = NO;
				CLANG_ANALYZER_NONNULL = YES;
				CLANG_ANALYZER_NUMBER_OBJECT_CONVERSION = YES_AGGRESSIVE;
				CLANG_CXX_LANGUAGE_STANDARD = "gnu++14";
				CLANG_CXX_LIBRARY = "libc++";
				CLANG_ENABLE_MODULES = YES;
				CLANG_ENABLE_OBJC_ARC = YES;
				CLANG_ENABLE_OBJC_WEAK = YES;
				CLANG_WARN_BLOCK_CAPTURE_AUTORELEASING = YES;
				CLANG_WARN_BOOL_CONVERSION = YES;
				CLANG_WARN_COMMA = YES;
				CLANG_WARN_CONSTANT_CONVERSION = YES;
				CLANG_WARN_DEPRECATED_OBJC_IMPLEMENTATIONS = YES;
				CLANG_WARN_DIRECT_OBJC_ISA_USAGE = YES_ERROR;
				CLANG_WARN_DOCUMENTATION_COMMENTS = YES;
				CLANG_WARN_EMPTY_BODY = YES;
				CLANG_WARN_ENUM_CONVERSION = YES;
				CLANG_WARN_INFINITE_RECURSION = YES;
				CLANG_WARN_INT_CONVERSION = YES;
				CLANG_WARN_NON_LITERAL_NULL_CONVERSION = YES;
				CLANG_WARN_OBJC_IMPLICIT_RETAIN_SELF = YES;
				CLANG_WARN_OBJC_LITERAL_CONVERSION = YES;
				CLANG_WARN_OBJC_ROOT_CLASS = YES_ERROR;
				CLANG_WARN_QUOTED_INCLUDE_IN_FRAMEWORK_HEADER = YES;
				CLANG_WARN_RANGE_LOOP_ANALYSIS = YES;
				CLANG_WARN_STRICT_PROTOTYPES = YES;
				CLANG_WARN_SUSPICIOUS_MOVE = YES;
				CLANG_WARN_UNGUARDED_AVAILABILITY = YES_AGGRESSIVE;
				CLANG_WARN_UNREACHABLE_CODE = YES;
				CLANG_WARN__DUPLICATE_METHOD_MATCH = YES;
				COPY_PHASE_STRIP = NO;
				DEBUG_INFORMATION_FORMAT = "dwarf-with-dsym";
				ENABLE_NS_ASSERTIONS = NO;
				ENABLE_STRICT_OBJC_MSGSEND = YES;
				GCC_C_LANGUAGE_STANDARD = gnu11;
				GCC_NO_COMMON_BLOCKS = YES;
				GCC_WARN_64_TO_32_BIT_CONVERSION = YES;
				GCC_WARN_ABOUT_RETURN_TYPE = YES_ERROR;
				GCC_WARN_UNDECLARED_SELECTOR = YES;
				GCC_WARN_UNINITIALIZED_AUTOS = YES_AGGRESSIVE;
				GCC_WARN_UNUSED_FUNCTION = YES;
				GCC_WARN_UNUSED_VARIABLE = YES;
				IPHONEOS_DEPLOYMENT_TARGET = 14.3;
				MTL_ENABLE_DEBUG_INFO = NO;
				MTL_FAST_MATH = YES;
				SDKROOT = iphoneos;
				SWIFT_COMPILATION_MODE = wholemodule;
				SWIFT_OPTIMIZATION_LEVEL = "-O";
				VALIDATE_PRODUCT = YES;
			};
			name = Release;
		};
		246C6A8C2695F48B00F3A40B /* Debug */ = {
			isa = XCBuildConfiguration;
			buildSettings = {
				ASSETCATALOG_COMPILER_APPICON_NAME = AppIcon;
				ASSETCATALOG_COMPILER_GLOBAL_ACCENT_COLOR_NAME = AccentColor;
				CODE_SIGN_STYLE = Automatic;
				INFOPLIST_FILE = "true-or-false/Info.plist";
				LD_RUNPATH_SEARCH_PATHS = (
					"$(inherited)",
					"@executable_path/Frameworks",
				);
				PRODUCT_BUNDLE_IDENTIFIER = "com.yuya.true-or-false";
				PRODUCT_NAME = "$(TARGET_NAME)";
				SWIFT_VERSION = 5.0;
				TARGETED_DEVICE_FAMILY = 1;
			};
			name = Debug;
		};
		246C6A8D2695F48B00F3A40B /* Release */ = {
			isa = XCBuildConfiguration;
			buildSettings = {
				ASSETCATALOG_COMPILER_APPICON_NAME = AppIcon;
				ASSETCATALOG_COMPILER_GLOBAL_ACCENT_COLOR_NAME = AccentColor;
				CODE_SIGN_STYLE = Automatic;
				INFOPLIST_FILE = "true-or-false/Info.plist";
				LD_RUNPATH_SEARCH_PATHS = (
					"$(inherited)",
					"@executable_path/Frameworks",
				);
				PRODUCT_BUNDLE_IDENTIFIER = "com.yuya.true-or-false";
				PRODUCT_NAME = "$(TARGET_NAME)";
				SWIFT_VERSION = 5.0;
				TARGETED_DEVICE_FAMILY = 1;
			};
			name = Release;
		};
/* End XCBuildConfiguration section */

/* Begin XCConfigurationList section */
		246C6A722695F48800F3A40B /* Build configuration list for PBXProject "true-or-false" */ = {
			isa = XCConfigurationList;
			buildConfigurations = (
				246C6A892695F48B00F3A40B /* Debug */,
				246C6A8A2695F48B00F3A40B /* Release */,
			);
			defaultConfigurationIsVisible = 0;
			defaultConfigurationName = Release;
		};
		246C6A8B2695F48B00F3A40B /* Build configuration list for PBXNativeTarget "true-or-false" */ = {
			isa = XCConfigurationList;
			buildConfigurations = (
				246C6A8C2695F48B00F3A40B /* Debug */,
				246C6A8D2695F48B00F3A40B /* Release */,
			);
			defaultConfigurationIsVisible = 0;
			defaultConfigurationName = Release;
		};
/* End XCConfigurationList section */
	};
	rootObject = 246C6A6F2695F48800F3A40B /* Project object */;
}
